
Microsoft Visual Studio Solution File, Format Version 12.00
# Visual Studio Version 16
VisualStudioVersion = 16.0.32929.386
MinimumVisualStudioVersion = 10.0.40219.1
Project("{FAE04EC0-301F-11D3-BF4B-00C04F79EFBC}") = "Factory", "Factory\Factory.csproj", "{26B8F9F2-496F-4BD1-8623-03D0028C90AA}"
EndProject
Global
	GlobalSection(SolutionConfigurationPlatforms) = preSolution
		Debug|Any CPU = Debug|Any CPU
		Release|Any CPU = Release|Any CPU
	EndGlobalSection
	GlobalSection(ProjectConfigurationPlatforms) = postSolution
		{26B8F9F2-496F-4BD1-8623-03D0028C90AA}.Debug|Any CPU.ActiveCfg = Debug|Any CPU
		{26B8F9F2-496F-4BD1-8623-03D0028C90AA}.Debug|Any CPU.Build.0 = Debug|Any CPU
		{26B8F9F2-496F-4BD1-8623-03D0028C90AA}.Release|Any CPU.ActiveCfg = Release|Any CPU
		{26B8F9F2-496F-4BD1-8623-03D0028C90AA}.Release|Any CPU.Build.0 = Release|Any CPU
	EndGlobalSection
	GlobalSection(SolutionProperties) = preSolution
		HideSolutionNode = FALSE
	EndGlobalSection
	GlobalSection(ExtensibilityGlobals) = postSolution
		SolutionGuid = {5807F913-81A7-413A-AC6B-F3A7A464E2FB}
	EndGlobalSection
EndGlobal
